{
  "name": "iptv-tools",
  "requires": true,
  "lockfileVersion": 1,
  "dependencies": {
    "iptv-playlist-parser": {
      "version": "0.4.2",
      "resolved": "https://registry.npmjs.org/iptv-playlist-parser/-/iptv-playlist-parser-0.4.2.tgz",
      "integrity": "sha512-o3JsZF+nrGHtVEPp34WlfG16Gd+0UIV7Mnkk/XTbkBgdkx+I28u+bSMZ0X5HY1CRXrYDtHgJ/4h/+Ijnk29dFA==",
      "dev": true
    }
  }
}
